// !$*UTF8*$!
{
	archiveVersion = 1;
	classes = {
	};
	objectVersion = 52;
	objects = {

/* Begin PBXBuildFile section */
		63F970283DC5812E1B8A0E2C /* libPods-Cautios-App.a in Frameworks */ = {isa = PBXBuildFile; fileRef = BD322D6FB4C94C1058265C11 /* libPods-Cautios-App.a */; };
		7715FD382378EA7900806540 /* IQKeyboardManagerSwift in Frameworks */ = {isa = PBXBuildFile; productRef = 7715FD372378EA7900806540 /* IQKeyboardManagerSwift */; };
		771B5FA8232F0FC6000A1B16 /* RealmConfig.swift in Sources */ = {isa = PBXBuildFile; fileRef = 771B5FA7232F0FC5000A1B16 /* RealmConfig.swift */; };
		771E7ADE236B9B1E008E2F2B /* OffenderListTableViewController.swift in Sources */ = {isa = PBXBuildFile; fileRef = 771E7ADD236B9B1E008E2F2B /* OffenderListTableViewController.swift */; };
		771E7AE2236BB681008E2F2B /* default.realm in Resources */ = {isa = PBXBuildFile; fileRef = 771E7AE1236BB67B008E2F2B /* default.realm */; };
		771E7AE4236CC380008E2F2B /* ContactsTableViewController.swift in Sources */ = {isa = PBXBuildFile; fileRef = 771E7AE3236CC37F008E2F2B /* ContactsTableViewController.swift */; };
		771E7AE6236CC4CD008E2F2B /* SOSNavigationController.swift in Sources */ = {isa = PBXBuildFile; fileRef = 771E7AE5236CC4CD008E2F2B /* SOSNavigationController.swift */; };
		771E7AE8236CF27F008E2F2B /* Contact.swift in Sources */ = {isa = PBXBuildFile; fileRef = 771E7AE7236CF27F008E2F2B /* Contact.swift */; };
		771F3A3C236020F80081ED8A /* MapKit.framework in Frameworks */ = {isa = PBXBuildFile; fileRef = 771F3A3B236020F80081ED8A /* MapKit.framework */; };
		772ADC612367C08900D546E7 /* OffenderCalloutViewModel.swift in Sources */ = {isa = PBXBuildFile; fileRef = 772ADC602367C08900D546E7 /* OffenderCalloutViewModel.swift */; };
		772ADC632367C17800D546E7 /* OffenderCalloutView.xib in Resources */ = {isa = PBXBuildFile; fileRef = 772ADC622367C17800D546E7 /* OffenderCalloutView.xib */; };
		772ADC682367DF1000D546E7 /* OffenderCalloutView.swift in Sources */ = {isa = PBXBuildFile; fileRef = 772ADC672367DF1000D546E7 /* OffenderCalloutView.swift */; };
		772ADC7023680B8500D546E7 /* SOSMessageViewController.swift in Sources */ = {isa = PBXBuildFile; fileRef = 772ADC6F23680B8500D546E7 /* SOSMessageViewController.swift */; };
		779CA47B232DC9E1001B7E79 /* OregonOffenders.swift in Sources */ = {isa = PBXBuildFile; fileRef = 779CA47A232DC9E1001B7E79 /* OregonOffenders.swift */; };
		779CA47F232DE1DF001B7E79 /* default-OR.realm in Resources */ = {isa = PBXBuildFile; fileRef = 779CA47E232DE1B5001B7E79 /* default-OR.realm */; };
		77AB20FC232C6C1600B80BA3 /* AppDelegate.swift in Sources */ = {isa = PBXBuildFile; fileRef = 77AB20FB232C6C1600B80BA3 /* AppDelegate.swift */; };
		77AB20FE232C6C1600B80BA3 /* OffenderMapViewController.swift in Sources */ = {isa = PBXBuildFile; fileRef = 77AB20FD232C6C1600B80BA3 /* OffenderMapViewController.swift */; };
		77AB2101232C6C1600B80BA3 /* Main.storyboard in Resources */ = {isa = PBXBuildFile; fileRef = 77AB20FF232C6C1600B80BA3 /* Main.storyboard */; };
		77AB2103232C6C1700B80BA3 /* Assets.xcassets in Resources */ = {isa = PBXBuildFile; fileRef = 77AB2102232C6C1700B80BA3 /* Assets.xcassets */; };
		77AB2106232C6C1700B80BA3 /* LaunchScreen.storyboard in Resources */ = {isa = PBXBuildFile; fileRef = 77AB2104232C6C1700B80BA3 /* LaunchScreen.storyboard */; };
/* End PBXBuildFile section */

/* Begin PBXFileReference section */
		4F47AFAFA37807A65F168ADF /* Pods-Cautios-App.debug.xcconfig */ = {isa = PBXFileReference; includeInIndex = 1; lastKnownFileType = text.xcconfig; name = "Pods-Cautios-App.debug.xcconfig"; path = "Target Support Files/Pods-Cautios-App/Pods-Cautios-App.debug.xcconfig"; sourceTree = "<group>"; };
		771B5FA7232F0FC5000A1B16 /* RealmConfig.swift */ = {isa = PBXFileReference; fileEncoding = 4; lastKnownFileType = sourcecode.swift; path = RealmConfig.swift; sourceTree = "<group>"; };
		771E7ADD236B9B1E008E2F2B /* OffenderListTableViewController.swift */ = {isa = PBXFileReference; lastKnownFileType = sourcecode.swift; path = OffenderListTableViewController.swift; sourceTree = "<group>"; };
		771E7AE1236BB67B008E2F2B /* default.realm */ = {isa = PBXFileReference; lastKnownFileType = file; name = default.realm; path = ../../../default.realm; sourceTree = "<group>"; };
		771E7AE3236CC37F008E2F2B /* ContactsTableViewController.swift */ = {isa = PBXFileReference; lastKnownFileType = sourcecode.swift; path = ContactsTableViewController.swift; sourceTree = "<group>"; };
		771E7AE5236CC4CD008E2F2B /* SOSNavigationController.swift */ = {isa = PBXFileReference; lastKnownFileType = sourcecode.swift; path = SOSNavigationController.swift; sourceTree = "<group>"; };
		771E7AE7236CF27F008E2F2B /* Contact.swift */ = {isa = PBXFileReference; lastKnownFileType = sourcecode.swift; path = Contact.swift; sourceTree = "<group>"; };
		771F3A3B236020F80081ED8A /* MapKit.framework */ = {isa = PBXFileReference; lastKnownFileType = wrapper.framework; name = MapKit.framework; path = System/Library/Frameworks/MapKit.framework; sourceTree = SDKROOT; };
		772ADC602367C08900D546E7 /* OffenderCalloutViewModel.swift */ = {isa = PBXFileReference; lastKnownFileType = sourcecode.swift; path = OffenderCalloutViewModel.swift; sourceTree = "<group>"; };
		772ADC622367C17800D546E7 /* OffenderCalloutView.xib */ = {isa = PBXFileReference; fileEncoding = 4; lastKnownFileType = file.xib; path = OffenderCalloutView.xib; sourceTree = "<group>"; };
		772ADC672367DF1000D546E7 /* OffenderCalloutView.swift */ = {isa = PBXFileReference; fileEncoding = 4; lastKnownFileType = sourcecode.swift; name = OffenderCalloutView.swift; path = "Cautios-App/Controller/OffenderCalloutView.swift"; sourceTree = SOURCE_ROOT; };
		772ADC6F23680B8500D546E7 /* SOSMessageViewController.swift */ = {isa = PBXFileReference; lastKnownFileType = sourcecode.swift; path = SOSMessageViewController.swift; sourceTree = "<group>"; };
		779CA47A232DC9E1001B7E79 /* OregonOffenders.swift */ = {isa = PBXFileReference; lastKnownFileType = sourcecode.swift; path = OregonOffenders.swift; sourceTree = "<group>"; };
		779CA47E232DE1B5001B7E79 /* default-OR.realm */ = {isa = PBXFileReference; lastKnownFileType = file; path = "default-OR.realm"; sourceTree = "<group>"; };
		77AB20F8232C6C1600B80BA3 /* Cautios.app */ = {isa = PBXFileReference; explicitFileType = wrapper.application; includeInIndex = 0; path = Cautios.app; sourceTree = BUILT_PRODUCTS_DIR; };
		77AB20FB232C6C1600B80BA3 /* AppDelegate.swift */ = {isa = PBXFileReference; lastKnownFileType = sourcecode.swift; path = AppDelegate.swift; sourceTree = "<group>"; };
		77AB20FD232C6C1600B80BA3 /* OffenderMapViewController.swift */ = {isa = PBXFileReference; lastKnownFileType = sourcecode.swift; path = OffenderMapViewController.swift; sourceTree = "<group>"; };
		77AB2100232C6C1600B80BA3 /* Base */ = {isa = PBXFileReference; lastKnownFileType = file.storyboard; name = Base; path = Base.lproj/Main.storyboard; sourceTree = "<group>"; };
		77AB2102232C6C1700B80BA3 /* Assets.xcassets */ = {isa = PBXFileReference; lastKnownFileType = folder.assetcatalog; path = Assets.xcassets; sourceTree = "<group>"; };
		77AB2105232C6C1700B80BA3 /* Base */ = {isa = PBXFileReference; lastKnownFileType = file.storyboard; name = Base; path = Base.lproj/LaunchScreen.storyboard; sourceTree = "<group>"; };
		77AB2107232C6C1700B80BA3 /* Info.plist */ = {isa = PBXFileReference; lastKnownFileType = text.plist.xml; path = Info.plist; sourceTree = "<group>"; };
		ACBF4A4900D0A4E43168912B /* Pods-Cautios-App.release.xcconfig */ = {isa = PBXFileReference; includeInIndex = 1; lastKnownFileType = text.xcconfig; name = "Pods-Cautios-App.release.xcconfig"; path = "Target Support Files/Pods-Cautios-App/Pods-Cautios-App.release.xcconfig"; sourceTree = "<group>"; };
		BD322D6FB4C94C1058265C11 /* libPods-Cautios-App.a */ = {isa = PBXFileReference; explicitFileType = archive.ar; includeInIndex = 0; path = "libPods-Cautios-App.a"; sourceTree = BUILT_PRODUCTS_DIR; };
/* End PBXFileReference section */

/* Begin PBXFrameworksBuildPhase section */
		77AB20F5232C6C1600B80BA3 /* Frameworks */ = {
			isa = PBXFrameworksBuildPhase;
			buildActionMask = 2147483647;
			files = (
				771F3A3C236020F80081ED8A /* MapKit.framework in Frameworks */,
				63F970283DC5812E1B8A0E2C /* libPods-Cautios-App.a in Frameworks */,
				7715FD382378EA7900806540 /* IQKeyboardManagerSwift in Frameworks */,
			);
			runOnlyForDeploymentPostprocessing = 0;
		};
/* End PBXFrameworksBuildPhase section */

/* Begin PBXGroup section */
		771B5FA4232F0690000A1B16 /* Assets */ = {
			isa = PBXGroup;
			children = (
				77AB2102232C6C1700B80BA3 /* Assets.xcassets */,
				771E7AE1236BB67B008E2F2B /* default.realm */,
				779CA47E232DE1B5001B7E79 /* default-OR.realm */,
			);
			path = Assets;
			sourceTree = "<group>";
		};
		779CA473232D90D8001B7E79 /* Controller */ = {
			isa = PBXGroup;
			children = (
				77AB20FB232C6C1600B80BA3 /* AppDelegate.swift */,
				77AB20FD232C6C1600B80BA3 /* OffenderMapViewController.swift */,
				772ADC672367DF1000D546E7 /* OffenderCalloutView.swift */,
				771E7ADD236B9B1E008E2F2B /* OffenderListTableViewController.swift */,
				771E7AE5236CC4CD008E2F2B /* SOSNavigationController.swift */,
				772ADC6F23680B8500D546E7 /* SOSMessageViewController.swift */,
				771E7AE3236CC37F008E2F2B /* ContactsTableViewController.swift */,
			);
			path = Controller;
			sourceTree = "<group>";
		};
		779CA474232D90FC001B7E79 /* View */ = {
			isa = PBXGroup;
			children = (
				77AB20FF232C6C1600B80BA3 /* Main.storyboard */,
				77AB2104232C6C1700B80BA3 /* LaunchScreen.storyboard */,
				772ADC622367C17800D546E7 /* OffenderCalloutView.xib */,
			);
			path = View;
			sourceTree = "<group>";
		};
		779CA479232DC3CC001B7E79 /* Model */ = {
			isa = PBXGroup;
			children = (
				772ADC602367C08900D546E7 /* OffenderCalloutViewModel.swift */,
				771B5FA7232F0FC5000A1B16 /* RealmConfig.swift */,
				779CA47A232DC9E1001B7E79 /* OregonOffenders.swift */,
				771E7AE7236CF27F008E2F2B /* Contact.swift */,
			);
			path = Model;
			sourceTree = "<group>";
		};
		77AB20EF232C6C1600B80BA3 = {
			isa = PBXGroup;
			children = (
				77AB20FA232C6C1600B80BA3 /* Cautios-App */,
				77AB20F9232C6C1600B80BA3 /* Products */,
				BDDE6C517497C71AB1D8C9D5 /* Pods */,
				C3EAE4D3DFA53237A219DDB7 /* Frameworks */,
			);
			sourceTree = "<group>";
		};
		77AB20F9232C6C1600B80BA3 /* Products */ = {
			isa = PBXGroup;
			children = (
				77AB20F8232C6C1600B80BA3 /* Cautios.app */,
			);
			name = Products;
			sourceTree = "<group>";
		};
		77AB20FA232C6C1600B80BA3 /* Cautios-App */ = {
			isa = PBXGroup;
			children = (
				779CA473232D90D8001B7E79 /* Controller */,
				779CA474232D90FC001B7E79 /* View */,
				779CA479232DC3CC001B7E79 /* Model */,
				771B5FA4232F0690000A1B16 /* Assets */,
				77AB2107232C6C1700B80BA3 /* Info.plist */,
			);
			path = "Cautios-App";
			sourceTree = "<group>";
		};
		BDDE6C517497C71AB1D8C9D5 /* Pods */ = {
			isa = PBXGroup;
			children = (
				4F47AFAFA37807A65F168ADF /* Pods-Cautios-App.debug.xcconfig */,
				ACBF4A4900D0A4E43168912B /* Pods-Cautios-App.release.xcconfig */,
			);
			path = Pods;
			sourceTree = "<group>";
		};
		C3EAE4D3DFA53237A219DDB7 /* Frameworks */ = {
			isa = PBXGroup;
			children = (
				771F3A3B236020F80081ED8A /* MapKit.framework */,
				BD322D6FB4C94C1058265C11 /* libPods-Cautios-App.a */,
			);
			name = Frameworks;
			sourceTree = "<group>";
		};
/* End PBXGroup section */

/* Begin PBXNativeTarget section */
		77AB20F7232C6C1600B80BA3 /* Cautios-App */ = {
			isa = PBXNativeTarget;
			buildConfigurationList = 77AB210A232C6C1700B80BA3 /* Build configuration list for PBXNativeTarget "Cautios-App" */;
			buildPhases = (
				C48BBFB90064C645D384F13B /* [CP] Check Pods Manifest.lock */,
				77AB20F4232C6C1600B80BA3 /* Sources */,
				77AB20F5232C6C1600B80BA3 /* Frameworks */,
				77AB20F6232C6C1600B80BA3 /* Resources */,
				71D0F0F9CF5592303C220802 /* [CP] Copy Pods Resources */,
			);
			buildRules = (
			);
			dependencies = (
			);
			name = "Cautios-App";
			packageProductDependencies = (
				7715FD372378EA7900806540 /* IQKeyboardManagerSwift */,
			);
			productName = "Cautios-App";
			productReference = 77AB20F8232C6C1600B80BA3 /* Cautios.app */;
			productType = "com.apple.product-type.application";
		};
/* End PBXNativeTarget section */

/* Begin PBXProject section */
		77AB20F0232C6C1600B80BA3 /* Project object */ = {
			isa = PBXProject;
			attributes = {
				LastSwiftUpdateCheck = 1030;
				LastUpgradeCheck = 1030;
				ORGANIZATIONNAME = "Ajay Sridhar";
				TargetAttributes = {
					77AB20F7232C6C1600B80BA3 = {
						CreatedOnToolsVersion = 10.3;
						LastSwiftMigration = 1120;
					};
				};
			};
			buildConfigurationList = 77AB20F3232C6C1600B80BA3 /* Build configuration list for PBXProject "Cautios-App" */;
			compatibilityVersion = "Xcode 9.3";
			developmentRegion = en;
			hasScannedForEncodings = 0;
			knownRegions = (
				en,
				Base,
			);
			mainGroup = 77AB20EF232C6C1600B80BA3;
			packageReferences = (
				7715FD362378EA7900806540 /* XCRemoteSwiftPackageReference "IQKeyboardManager" */,
			);
			productRefGroup = 77AB20F9232C6C1600B80BA3 /* Products */;
			projectDirPath = "";
			projectRoot = "";
			targets = (
				77AB20F7232C6C1600B80BA3 /* Cautios-App */,
			);
		};
/* End PBXProject section */

/* Begin PBXResourcesBuildPhase section */
		77AB20F6232C6C1600B80BA3 /* Resources */ = {
			isa = PBXResourcesBuildPhase;
			buildActionMask = 2147483647;
			files = (
				771E7AE2236BB681008E2F2B /* default.realm in Resources */,
				779CA47F232DE1DF001B7E79 /* default-OR.realm in Resources */,
				772ADC632367C17800D546E7 /* OffenderCalloutView.xib in Resources */,
				77AB2106232C6C1700B80BA3 /* LaunchScreen.storyboard in Resources */,
				77AB2103232C6C1700B80BA3 /* Assets.xcassets in Resources */,
				77AB2101232C6C1600B80BA3 /* Main.storyboard in Resources */,
			);
			runOnlyForDeploymentPostprocessing = 0;
		};
/* End PBXResourcesBuildPhase section */

/* Begin PBXShellScriptBuildPhase section */
		71D0F0F9CF5592303C220802 /* [CP] Copy Pods Resources */ = {
			isa = PBXShellScriptBuildPhase;
			buildActionMask = 2147483647;
			files = (
			);
			inputFileListPaths = (
				"${PODS_ROOT}/Target Support Files/Pods-Cautios-App/Pods-Cautios-App-resources-${CONFIGURATION}-input-files.xcfilelist",
			);
			name = "[CP] Copy Pods Resources";
			outputFileListPaths = (
				"${PODS_ROOT}/Target Support Files/Pods-Cautios-App/Pods-Cautios-App-resources-${CONFIGURATION}-output-files.xcfilelist",
			);
			runOnlyForDeploymentPostprocessing = 0;
			shellPath = /bin/sh;
			shellScript = "\"${PODS_ROOT}/Target Support Files/Pods-Cautios-App/Pods-Cautios-App-resources.sh\"\n";
			showEnvVarsInLog = 0;
		};
		C48BBFB90064C645D384F13B /* [CP] Check Pods Manifest.lock */ = {
			isa = PBXShellScriptBuildPhase;
			buildActionMask = 2147483647;
			files = (
			);
			inputFileListPaths = (
			);
			inputPaths = (
				"${PODS_PODFILE_DIR_PATH}/Podfile.lock",
				"${PODS_ROOT}/Manifest.lock",
			);
			name = "[CP] Check Pods Manifest.lock";
			outputFileListPaths = (
			);
			outputPaths = (
				"$(DERIVED_FILE_DIR)/Pods-Cautios-App-checkManifestLockResult.txt",
			);
			runOnlyForDeploymentPostprocessing = 0;
			shellPath = /bin/sh;
			shellScript = "diff \"${PODS_PODFILE_DIR_PATH}/Podfile.lock\" \"${PODS_ROOT}/Manifest.lock\" > /dev/null\nif [ $? != 0 ] ; then\n    # print error to STDERR\n    echo \"error: The sandbox is not in sync with the Podfile.lock. Run 'pod install' or update your CocoaPods installation.\" >&2\n    exit 1\nfi\n# This output is used by Xcode 'outputs' to avoid re-running this script phase.\necho \"SUCCESS\" > \"${SCRIPT_OUTPUT_FILE_0}\"\n";
			showEnvVarsInLog = 0;
		};
/* End PBXShellScriptBuildPhase section */

/* Begin PBXSourcesBuildPhase section */
		77AB20F4232C6C1600B80BA3 /* Sources */ = {
			isa = PBXSourcesBuildPhase;
			buildActionMask = 2147483647;
			files = (
				771E7ADE236B9B1E008E2F2B /* OffenderListTableViewController.swift in Sources */,
				772ADC612367C08900D546E7 /* OffenderCalloutViewModel.swift in Sources */,
				772ADC682367DF1000D546E7 /* OffenderCalloutView.swift in Sources */,
				771E7AE8236CF27F008E2F2B /* Contact.swift in Sources */,
				77AB20FE232C6C1600B80BA3 /* OffenderMapViewController.swift in Sources */,
				779CA47B232DC9E1001B7E79 /* OregonOffenders.swift in Sources */,
				771E7AE6236CC4CD008E2F2B /* SOSNavigationController.swift in Sources */,
				77AB20FC232C6C1600B80BA3 /* AppDelegate.swift in Sources */,
				771B5FA8232F0FC6000A1B16 /* RealmConfig.swift in Sources */,
				772ADC7023680B8500D546E7 /* SOSMessageViewController.swift in Sources */,
				771E7AE4236CC380008E2F2B /* ContactsTableViewController.swift in Sources */,
			);
			runOnlyForDeploymentPostprocessing = 0;
		};
/* End PBXSourcesBuildPhase section */

/* Begin PBXVariantGroup section */
		77AB20FF232C6C1600B80BA3 /* Main.storyboard */ = {
			isa = PBXVariantGroup;
			children = (
				77AB2100232C6C1600B80BA3 /* Base */,
			);
			name = Main.storyboard;
			sourceTree = "<group>";
		};
		77AB2104232C6C1700B80BA3 /* LaunchScreen.storyboard */ = {
			isa = PBXVariantGroup;
			children = (
				77AB2105232C6C1700B80BA3 /* Base */,
			);
			name = LaunchScreen.storyboard;
			sourceTree = "<group>";
		};
/* End PBXVariantGroup section */

/* Begin XCBuildConfiguration section */
		77AB2108232C6C1700B80BA3 /* Debug */ = {
			isa = XCBuildConfiguration;
			buildSettings = {
				ALWAYS_SEARCH_USER_PATHS = NO;
				CLANG_ANALYZER_NONNULL = YES;
				CLANG_ANALYZER_NUMBER_OBJECT_CONVERSION = YES_AGGRESSIVE;
				CLANG_CXX_LANGUAGE_STANDARD = "gnu++14";
				CLANG_CXX_LIBRARY = "libc++";
				CLANG_ENABLE_MODULES = YES;
				CLANG_ENABLE_OBJC_ARC = YES;
				CLANG_ENABLE_OBJC_WEAK = YES;
				CLANG_WARN_BLOCK_CAPTURE_AUTORELEASING = YES;
				CLANG_WARN_BOOL_CONVERSION = YES;
				CLANG_WARN_COMMA = YES;
				CLANG_WARN_CONSTANT_CONVERSION = YES;
				CLANG_WARN_DEPRECATED_OBJC_IMPLEMENTATIONS = YES;
				CLANG_WARN_DIRECT_OBJC_ISA_USAGE = YES_ERROR;
				CLANG_WARN_DOCUMENTATION_COMMENTS = YES;
				CLANG_WARN_EMPTY_BODY = YES;
				CLANG_WARN_ENUM_CONVERSION = YES;
				CLANG_WARN_INFINITE_RECURSION = YES;
				CLANG_WARN_INT_CONVERSION = YES;
				CLANG_WARN_NON_LITERAL_NULL_CONVERSION = YES;
				CLANG_WARN_OBJC_IMPLICIT_RETAIN_SELF = YES;
				CLANG_WARN_OBJC_LITERAL_CONVERSION = YES;
				CLANG_WARN_OBJC_ROOT_CLASS = YES_ERROR;
				CLANG_WARN_RANGE_LOOP_ANALYSIS = YES;
				CLANG_WARN_STRICT_PROTOTYPES = YES;
				CLANG_WARN_SUSPICIOUS_MOVE = YES;
				CLANG_WARN_UNGUARDED_AVAILABILITY = YES_AGGRESSIVE;
				CLANG_WARN_UNREACHABLE_CODE = YES;
				CLANG_WARN__DUPLICATE_METHOD_MATCH = YES;
				CODE_SIGN_IDENTITY = "iPhone Developer";
				COPY_PHASE_STRIP = NO;
				DEBUG_INFORMATION_FORMAT = dwarf;
				ENABLE_STRICT_OBJC_MSGSEND = YES;
				ENABLE_TESTABILITY = YES;
				GCC_C_LANGUAGE_STANDARD = gnu11;
				GCC_DYNAMIC_NO_PIC = NO;
				GCC_NO_COMMON_BLOCKS = YES;
				GCC_OPTIMIZATION_LEVEL = 0;
				GCC_PREPROCESSOR_DEFINITIONS = (
					"DEBUG=1",
					"$(inherited)",
				);
				GCC_WARN_64_TO_32_BIT_CONVERSION = YES;
				GCC_WARN_ABOUT_RETURN_TYPE = YES_ERROR;
				GCC_WARN_UNDECLARED_SELECTOR = YES;
				GCC_WARN_UNINITIALIZED_AUTOS = YES_AGGRESSIVE;
				GCC_WARN_UNUSED_FUNCTION = YES;
				GCC_WARN_UNUSED_VARIABLE = YES;
				IPHONEOS_DEPLOYMENT_TARGET = 12.4;
				MTL_ENABLE_DEBUG_INFO = INCLUDE_SOURCE;
				MTL_FAST_MATH = YES;
				ONLY_ACTIVE_ARCH = YES;
				SDKROOT = iphoneos;
				SWIFT_ACTIVE_COMPILATION_CONDITIONS = DEBUG;
				SWIFT_OPTIMIZATION_LEVEL = "-Onone";
			};
			name = Debug;
		};
		77AB2109232C6C1700B80BA3 /* Release */ = {
			isa = XCBuildConfiguration;
			buildSettings = {
				ALWAYS_SEARCH_USER_PATHS = NO;
				CLANG_ANALYZER_NONNULL = YES;
				CLANG_ANALYZER_NUMBER_OBJECT_CONVERSION = YES_AGGRESSIVE;
				CLANG_CXX_LANGUAGE_STANDARD = "gnu++14";
				CLANG_CXX_LIBRARY = "libc++";
				CLANG_ENABLE_MODULES = YES;
				CLANG_ENABLE_OBJC_ARC = YES;
				CLANG_ENABLE_OBJC_WEAK = YES;
				CLANG_WARN_BLOCK_CAPTURE_AUTORELEASING = YES;
				CLANG_WARN_BOOL_CONVERSION = YES;
				CLANG_WARN_COMMA = YES;
				CLANG_WARN_CONSTANT_CONVERSION = YES;
				CLANG_WARN_DEPRECATED_OBJC_IMPLEMENTATIONS = YES;
				CLANG_WARN_DIRECT_OBJC_ISA_USAGE = YES_ERROR;
				CLANG_WARN_DOCUMENTATION_COMMENTS = YES;
				CLANG_WARN_EMPTY_BODY = YES;
				CLANG_WARN_ENUM_CONVERSION = YES;
				CLANG_WARN_INFINITE_RECURSION = YES;
				CLANG_WARN_INT_CONVERSION = YES;
				CLANG_WARN_NON_LITERAL_NULL_CONVERSION = YES;
				CLANG_WARN_OBJC_IMPLICIT_RETAIN_SELF = YES;
				CLANG_WARN_OBJC_LITERAL_CONVERSION = YES;
				CLANG_WARN_OBJC_ROOT_CLASS = YES_ERROR;
				CLANG_WARN_RANGE_LOOP_ANALYSIS = YES;
				CLANG_WARN_STRICT_PROTOTYPES = YES;
				CLANG_WARN_SUSPICIOUS_MOVE = YES;
				CLANG_WARN_UNGUARDED_AVAILABILITY = YES_AGGRESSIVE;
				CLANG_WARN_UNREACHABLE_CODE = YES;
				CLANG_WARN__DUPLICATE_METHOD_MATCH = YES;
				CODE_SIGN_IDENTITY = "iPhone Developer";
				COPY_PHASE_STRIP = NO;
				DEBUG_INFORMATION_FORMAT = "dwarf-with-dsym";
				ENABLE_NS_ASSERTIONS = NO;
				ENABLE_STRICT_OBJC_MSGSEND = YES;
				GCC_C_LANGUAGE_STANDARD = gnu11;
				GCC_NO_COMMON_BLOCKS = YES;
				GCC_WARN_64_TO_32_BIT_CONVERSION = YES;
				GCC_WARN_ABOUT_RETURN_TYPE = YES_ERROR;
				GCC_WARN_UNDECLARED_SELECTOR = YES;
				GCC_WARN_UNINITIALIZED_AUTOS = YES_AGGRESSIVE;
				GCC_WARN_UNUSED_FUNCTION = YES;
				GCC_WARN_UNUSED_VARIABLE = YES;
				IPHONEOS_DEPLOYMENT_TARGET = 12.4;
				MTL_ENABLE_DEBUG_INFO = NO;
				MTL_FAST_MATH = YES;
				SDKROOT = iphoneos;
				SWIFT_COMPILATION_MODE = wholemodule;
				SWIFT_OPTIMIZATION_LEVEL = "-O";
				VALIDATE_PRODUCT = YES;
			};
			name = Release;
		};
		77AB210B232C6C1700B80BA3 /* Debug */ = {
			isa = XCBuildConfiguration;
			baseConfigurationReference = 4F47AFAFA37807A65F168ADF /* Pods-Cautios-App.debug.xcconfig */;
			buildSettings = {
				ASSETCATALOG_COMPILER_APPICON_NAME = AppIcon;
				CLANG_ENABLE_MODULES = YES;
				CODE_SIGN_STYLE = Automatic;
				CURRENT_PROJECT_VERSION = 12;
				DEAD_CODE_STRIPPING = NO;
				DEVELOPMENT_TEAM = 28TZGPL4X3;
				INFOPLIST_FILE = "Cautios-App/Info.plist";
				IPHONEOS_DEPLOYMENT_TARGET = 13.2;
				LD_RUNPATH_SEARCH_PATHS = (
					"$(inherited)",
					"@executable_path/Frameworks",
				);
				PRODUCT_BUNDLE_IDENTIFIER = com.ajay.sridhar.Cautios;
				PRODUCT_NAME = Cautios;
				SWIFT_OPTIMIZATION_LEVEL = "-Onone";
				SWIFT_VERSION = 5.0;
				TARGETED_DEVICE_FAMILY = "1,2";
			};
			name = Debug;
		};
		77AB210C232C6C1700B80BA3 /* Release */ = {
			isa = XCBuildConfiguration;
			baseConfigurationReference = ACBF4A4900D0A4E43168912B /* Pods-Cautios-App.release.xcconfig */;
			buildSettings = {
				ASSETCATALOG_COMPILER_APPICON_NAME = AppIcon;
				CLANG_ENABLE_MODULES = YES;
				CODE_SIGN_STYLE = Automatic;
				CURRENT_PROJECT_VERSION = 12;
				DEAD_CODE_STRIPPING = NO;
				DEVELOPMENT_TEAM = 28TZGPL4X3;
				INFOPLIST_FILE = "Cautios-App/Info.plist";
				IPHONEOS_DEPLOYMENT_TARGET = 13.2;
				LD_RUNPATH_SEARCH_PATHS = (
					"$(inherited)",
					"@executable_path/Frameworks",
				);
				PRODUCT_BUNDLE_IDENTIFIER = com.ajay.sridhar.Cautios;
				PRODUCT_NAME = Cautios;
				SWIFT_VERSION = 5.0;
				TARGETED_DEVICE_FAMILY = "1,2";
			};
			name = Release;
		};
/* End XCBuildConfiguration section */

/* Begin XCConfigurationList section */
		77AB20F3232C6C1600B80BA3 /* Build configuration list for PBXProject "Cautios-App" */ = {
			isa = XCConfigurationList;
			buildConfigurations = (
				77AB2108232C6C1700B80BA3 /* Debug */,
				77AB2109232C6C1700B80BA3 /* Release */,
			);
			defaultConfigurationIsVisible = 0;
			defaultConfigurationName = Release;
		};
		77AB210A232C6C1700B80BA3 /* Build configuration list for PBXNativeTarget "Cautios-App" */ = {
			isa = XCConfigurationList;
			buildConfigurations = (
				77AB210B232C6C1700B80BA3 /* Debug */,
				77AB210C232C6C1700B80BA3 /* Release */,
			);
			defaultConfigurationIsVisible = 0;
			defaultConfigurationName = Release;
		};
/* End XCConfigurationList section */

/* Begin XCRemoteSwiftPackageReference section */
		7715FD362378EA7900806540 /* XCRemoteSwiftPackageReference "IQKeyboardManager" */ = {
			isa = XCRemoteSwiftPackageReference;
			repositoryURL = "https://github.com/hackiftekhar/IQKeyboardManager";
			requirement = {
				kind = upToNextMajorVersion;
				minimumVersion = 6.5.3;
			};
		};
/* End XCRemoteSwiftPackageReference section */

/* Begin XCSwiftPackageProductDependency section */
		7715FD372378EA7900806540 /* IQKeyboardManagerSwift */ = {
			isa = XCSwiftPackageProductDependency;
			package = 7715FD362378EA7900806540 /* XCRemoteSwiftPackageReference "IQKeyboardManager" */;
			productName = IQKeyboardManagerSwift;
		};
/* End XCSwiftPackageProductDependency section */
	};
	rootObject = 77AB20F0232C6C1600B80BA3 /* Project object */;
}
